// !$*UTF8*$!
{
	archiveVersion = 1;
	classes = {
	};
	objectVersion = 50;
	objects = {

/* Begin PBXBuildFile section */
		80F944C522DD7F780020CF39 /* AppDelegate.m in Sources */ = {isa = PBXBuildFile; fileRef = 80F944C422DD7F780020CF39 /* AppDelegate.m */; };
		80F944C822DD7F780020CF39 /* ViewController.m in Sources */ = {isa = PBXBuildFile; fileRef = 80F944C722DD7F780020CF39 /* ViewController.m */; };
		80F944CB22DD7F780020CF39 /* Main.storyboard in Resources */ = {isa = PBXBuildFile; fileRef = 80F944C922DD7F780020CF39 /* Main.storyboard */; };
		80F944CD22DD7F790020CF39 /* Assets.xcassets in Resources */ = {isa = PBXBuildFile; fileRef = 80F944CC22DD7F790020CF39 /* Assets.xcassets */; };
		80F944D022DD7F790020CF39 /* LaunchScreen.storyboard in Resources */ = {isa = PBXBuildFile; fileRef = 80F944CE22DD7F790020CF39 /* LaunchScreen.storyboard */; };
		80F944D322DD7F790020CF39 /* main.m in Sources */ = {isa = PBXBuildFile; fileRef = 80F944D222DD7F790020CF39 /* main.m */; };
		80F944DD22DD7F790020CF39 /* UIButtonTests.m in Sources */ = {isa = PBXBuildFile; fileRef = 80F944DC22DD7F790020CF39 /* UIButtonTests.m */; };
		80F944E822DD7F790020CF39 /* UIButtonUITests.m in Sources */ = {isa = PBXBuildFile; fileRef = 80F944E722DD7F790020CF39 /* UIButtonUITests.m */; };
/* End PBXBuildFile section */

/* Begin PBXContainerItemProxy section */
		80F944D922DD7F790020CF39 /* PBXContainerItemProxy */ = {
			isa = PBXContainerItemProxy;
			containerPortal = 80F944B822DD7F780020CF39 /* Project object */;
			proxyType = 1;
			remoteGlobalIDString = 80F944BF22DD7F780020CF39;
			remoteInfo = UIButton;
		};
		80F944E422DD7F790020CF39 /* PBXContainerItemProxy */ = {
			isa = PBXContainerItemProxy;
			containerPortal = 80F944B822DD7F780020CF39 /* Project object */;
			proxyType = 1;
			remoteGlobalIDString = 80F944BF22DD7F780020CF39;
			remoteInfo = UIButton;
		};
/* End PBXContainerItemProxy section */

/* Begin PBXFileReference section */
		80F944C022DD7F780020CF39 /* UIButton.app */ = {isa = PBXFileReference; explicitFileType = wrapper.application; includeInIndex = 0; path = UIButton.app; sourceTree = BUILT_PRODUCTS_DIR; };
		80F944C322DD7F780020CF39 /* AppDelegate.h */ = {isa = PBXFileReference; lastKnownFileType = sourcecode.c.h; path = AppDelegate.h; sourceTree = "<group>"; };
		80F944C422DD7F780020CF39 /* AppDelegate.m */ = {isa = PBXFileReference; lastKnownFileType = sourcecode.c.objc; path = AppDelegate.m; sourceTree = "<group>"; };
		80F944C622DD7F780020CF39 /* ViewController.h */ = {isa = PBXFileReference; lastKnownFileType = sourcecode.c.h; path = ViewController.h; sourceTree = "<group>"; };
		80F944C722DD7F780020CF39 /* ViewController.m */ = {isa = PBXFileReference; lastKnownFileType = sourcecode.c.objc; path = ViewController.m; sourceTree = "<group>"; };
		80F944CA22DD7F780020CF39 /* Base */ = {isa = PBXFileReference; lastKnownFileType = file.storyboard; name = Base; path = Base.lproj/Main.storyboard; sourceTree = "<group>"; };
		80F944CC22DD7F790020CF39 /* Assets.xcassets */ = {isa = PBXFileReference; lastKnownFileType = folder.assetcatalog; path = Assets.xcassets; sourceTree = "<group>"; };
		80F944CF22DD7F790020CF39 /* Base */ = {isa = PBXFileReference; lastKnownFileType = file.storyboard; name = Base; path = Base.lproj/LaunchScreen.storyboard; sourceTree = "<group>"; };
		80F944D122DD7F790020CF39 /* Info.plist */ = {isa = PBXFileReference; lastKnownFileType = text.plist.xml; path = Info.plist; sourceTree = "<group>"; };
		80F944D222DD7F790020CF39 /* main.m */ = {isa = PBXFileReference; lastKnownFileType = sourcecode.c.objc; path = main.m; sourceTree = "<group>"; };
		80F944D822DD7F790020CF39 /* UIButtonTests.xctest */ = {isa = PBXFileReference; explicitFileType = wrapper.cfbundle; includeInIndex = 0; path = UIButtonTests.xctest; sourceTree = BUILT_PRODUCTS_DIR; };
		80F944DC22DD7F790020CF39 /* UIButtonTests.m */ = {isa = PBXFileReference; lastKnownFileType = sourcecode.c.objc; path = UIButtonTests.m; sourceTree = "<group>"; };
		80F944DE22DD7F790020CF39 /* Info.plist */ = {isa = PBXFileReference; lastKnownFileType = text.plist.xml; path = Info.plist; sourceTree = "<group>"; };
		80F944E322DD7F790020CF39 /* UIButtonUITests.xctest */ = {isa = PBXFileReference; explicitFileType = wrapper.cfbundle; includeInIndex = 0; path = UIButtonUITests.xctest; sourceTree = BUILT_PRODUCTS_DIR; };
		80F944E722DD7F790020CF39 /* UIButtonUITests.m */ = {isa = PBXFileReference; lastKnownFileType = sourcecode.c.objc; path = UIButtonUITests.m; sourceTree = "<group>"; };
		80F944E922DD7F790020CF39 /* Info.plist */ = {isa = PBXFileReference; lastKnownFileType = text.plist.xml; path = Info.plist; sourceTree = "<group>"; };
/* End PBXFileReference section */

/* Begin PBXFrameworksBuildPhase section */
		80F944BD22DD7F780020CF39 /* Frameworks */ = {
			isa = PBXFrameworksBuildPhase;
			buildActionMask = 2147483647;
			files = (
			);
			runOnlyForDeploymentPostprocessing = 0;
		};
		80F944D522DD7F790020CF39 /* Frameworks */ = {
			isa = PBXFrameworksBuildPhase;
			buildActionMask = 2147483647;
			files = (
			);
			runOnlyForDeploymentPostprocessing = 0;
		};
		80F944E022DD7F790020CF39 /* Frameworks */ = {
			isa = PBXFrameworksBuildPhase;
			buildActionMask = 2147483647;
			files = (
			);
			runOnlyForDeploymentPostprocessing = 0;
		};
/* End PBXFrameworksBuildPhase section */

/* Begin PBXGroup section */
		80F944B722DD7F780020CF39 = {
			isa = PBXGroup;
			children = (
				80F944C222DD7F780020CF39 /* UIButton */,
				80F944DB22DD7F790020CF39 /* UIButtonTests */,
				80F944E622DD7F790020CF39 /* UIButtonUITests */,
				80F944C122DD7F780020CF39 /* Products */,
			);
			sourceTree = "<group>";
		};
		80F944C122DD7F780020CF39 /* Products */ = {
			isa = PBXGroup;
			children = (
				80F944C022DD7F780020CF39 /* UIButton.app */,
				80F944D822DD7F790020CF39 /* UIButtonTests.xctest */,
				80F944E322DD7F790020CF39 /* UIButtonUITests.xctest */,
			);
			name = Products;
			sourceTree = "<group>";
		};
		80F944C222DD7F780020CF39 /* UIButton */ = {
			isa = PBXGroup;
			children = (
				80F944C322DD7F780020CF39 /* AppDelegate.h */,
				80F944C422DD7F780020CF39 /* AppDelegate.m */,
				80F944C622DD7F780020CF39 /* ViewController.h */,
				80F944C722DD7F780020CF39 /* ViewController.m */,
				80F944C922DD7F780020CF39 /* Main.storyboard */,
				80F944CC22DD7F790020CF39 /* Assets.xcassets */,
				80F944CE22DD7F790020CF39 /* LaunchScreen.storyboard */,
				80F944D122DD7F790020CF39 /* Info.plist */,
				80F944D222DD7F790020CF39 /* main.m */,
			);
			path = UIButton;
			sourceTree = "<group>";
		};
		80F944DB22DD7F790020CF39 /* UIButtonTests */ = {
			isa = PBXGroup;
			children = (
				80F944DC22DD7F790020CF39 /* UIButtonTests.m */,
				80F944DE22DD7F790020CF39 /* Info.plist */,
			);
			path = UIButtonTests;
			sourceTree = "<group>";
		};
		80F944E622DD7F790020CF39 /* UIButtonUITests */ = {
			isa = PBXGroup;
			children = (
				80F944E722DD7F790020CF39 /* UIButtonUITests.m */,
				80F944E922DD7F790020CF39 /* Info.plist */,
			);
			path = UIButtonUITests;
			sourceTree = "<group>";
		};
/* End PBXGroup section */

/* Begin PBXNativeTarget section */
		80F944BF22DD7F780020CF39 /* UIButton */ = {
			isa = PBXNativeTarget;
			buildConfigurationList = 80F944EC22DD7F790020CF39 /* Build configuration list for PBXNativeTarget "UIButton" */;
			buildPhases = (
				80F944BC22DD7F780020CF39 /* Sources */,
				80F944BD22DD7F780020CF39 /* Frameworks */,
				80F944BE22DD7F780020CF39 /* Resources */,
			);
			buildRules = (
			);
			dependencies = (
			);
			name = UIButton;
			productName = UIButton;
			productReference = 80F944C022DD7F780020CF39 /* UIButton.app */;
			productType = "com.apple.product-type.application";
		};
		80F944D722DD7F790020CF39 /* UIButtonTests */ = {
			isa = PBXNativeTarget;
			buildConfigurationList = 80F944EF22DD7F790020CF39 /* Build configuration list for PBXNativeTarget "UIButtonTests" */;
			buildPhases = (
				80F944D422DD7F790020CF39 /* Sources */,
				80F944D522DD7F790020CF39 /* Frameworks */,
				80F944D622DD7F790020CF39 /* Resources */,
			);
			buildRules = (
			);
			dependencies = (
				80F944DA22DD7F790020CF39 /* PBXTargetDependency */,
			);
			name = UIButtonTests;
			productName = UIButtonTests;
			productReference = 80F944D822DD7F790020CF39 /* UIButtonTests.xctest */;
			productType = "com.apple.product-type.bundle.unit-test";
		};
		80F944E222DD7F790020CF39 /* UIButtonUITests */ = {
			isa = PBXNativeTarget;
			buildConfigurationList = 80F944F222DD7F790020CF39 /* Build configuration list for PBXNativeTarget "UIButtonUITests" */;
			buildPhases = (
				80F944DF22DD7F790020CF39 /* Sources */,
				80F944E022DD7F790020CF39 /* Frameworks */,
				80F944E122DD7F790020CF39 /* Resources */,
			);
			buildRules = (
			);
			dependencies = (
				80F944E522DD7F790020CF39 /* PBXTargetDependency */,
			);
			name = UIButtonUITests;
			productName = UIButtonUITests;
			productReference = 80F944E322DD7F790020CF39 /* UIButtonUITests.xctest */;
			productType = "com.apple.product-type.bundle.ui-testing";
		};
/* End PBXNativeTarget section */

/* Begin PBXProject section */
		80F944B822DD7F780020CF39 /* Project object */ = {
			isa = PBXProject;
			attributes = {
				LastUpgradeCheck = 1020;
				ORGANIZATIONNAME = Snow;
				TargetAttributes = {
					80F944BF22DD7F780020CF39 = {
						CreatedOnToolsVersion = 10.2.1;
					};
					80F944D722DD7F790020CF39 = {
						CreatedOnToolsVersion = 10.2.1;
						TestTargetID = 80F944BF22DD7F780020CF39;
					};
					80F944E222DD7F790020CF39 = {
						CreatedOnToolsVersion = 10.2.1;
						TestTargetID = 80F944BF22DD7F780020CF39;
					};
				};
			};
			buildConfigurationList = 80F944BB22DD7F780020CF39 /* Build configuration list for PBXProject "UIButton" */;
			compatibilityVersion = "Xcode 9.3";
			developmentRegion = en;
			hasScannedForEncodings = 0;
			knownRegions = (
				en,
				Base,
			);
			mainGroup = 80F944B722DD7F780020CF39;
			productRefGroup = 80F944C122DD7F780020CF39 /* Products */;
			projectDirPath = "";
			projectRoot = "";
			targets = (
				80F944BF22DD7F780020CF39 /* UIButton */,
				80F944D722DD7F790020CF39 /* UIButtonTests */,
				80F944E222DD7F790020CF39 /* UIButtonUITests */,
			);
		};
/* End PBXProject section */

/* Begin PBXResourcesBuildPhase section */
		80F944BE22DD7F780020CF39 /* Resources */ = {
			isa = PBXResourcesBuildPhase;
			buildActionMask = 2147483647;
			files = (
				80F944D022DD7F790020CF39 /* LaunchScreen.storyboard in Resources */,
				80F944CD22DD7F790020CF39 /* Assets.xcassets in Resources */,
				80F944CB22DD7F780020CF39 /* Main.storyboard in Resources */,
			);
			runOnlyForDeploymentPostprocessing = 0;
		};
		80F944D622DD7F790020CF39 /* Resources */ = {
			isa = PBXResourcesBuildPhase;
			buildActionMask = 2147483647;
			files = (
			);
			runOnlyForDeploymentPostprocessing = 0;
		};
		80F944E122DD7F790020CF39 /* Resources */ = {
			isa = PBXResourcesBuildPhase;
			buildActionMask = 2147483647;
			files = (
			);
			runOnlyForDeploymentPostprocessing = 0;
		};
/* End PBXResourcesBuildPhase section */

/* Begin PBXSourcesBuildPhase section */
		80F944BC22DD7F780020CF39 /* Sources */ = {
			isa = PBXSourcesBuildPhase;
			buildActionMask = 2147483647;
			files = (
				80F944C822DD7F780020CF39 /* ViewController.m in Sources */,
				80F944D322DD7F790020CF39 /* main.m in Sources */,
				80F944C522DD7F780020CF39 /* AppDelegate.m in Sources */,
			);
			runOnlyForDeploymentPostprocessing = 0;
		};
		80F944D422DD7F790020CF39 /* Sources */ = {
			isa = PBXSourcesBuildPhase;
			buildActionMask = 2147483647;
			files = (
				80F944DD22DD7F790020CF39 /* UIButtonTests.m in Sources */,
			);
			runOnlyForDeploymentPostprocessing = 0;
		};
		80F944DF22DD7F790020CF39 /* Sources */ = {
			isa = PBXSourcesBuildPhase;
			buildActionMask = 2147483647;
			files = (
				80F944E822DD7F790020CF39 /* UIButtonUITests.m in Sources */,
			);
			runOnlyForDeploymentPostprocessing = 0;
		};
/* End PBXSourcesBuildPhase section */

/* Begin PBXTargetDependency section */
		80F944DA22DD7F790020CF39 /* PBXTargetDependency */ = {
			isa = PBXTargetDependency;
			target = 80F944BF22DD7F780020CF39 /* UIButton */;
			targetProxy = 80F944D922DD7F790020CF39 /* PBXContainerItemProxy */;
		};
		80F944E522DD7F790020CF39 /* PBXTargetDependency */ = {
			isa = PBXTargetDependency;
			target = 80F944BF22DD7F780020CF39 /* UIButton */;
			targetProxy = 80F944E422DD7F790020CF39 /* PBXContainerItemProxy */;
		};
/* End PBXTargetDependency section */

/* Begin PBXVariantGroup section */
		80F944C922DD7F780020CF39 /* Main.storyboard */ = {
			isa = PBXVariantGroup;
			children = (
				80F944CA22DD7F780020CF39 /* Base */,
			);
			name = Main.storyboard;
			sourceTree = "<group>";
		};
		80F944CE22DD7F790020CF39 /* LaunchScreen.storyboard */ = {
			isa = PBXVariantGroup;
			children = (
				80F944CF22DD7F790020CF39 /* Base */,
			);
			name = LaunchScreen.storyboard;
			sourceTree = "<group>";
		};
/* End PBXVariantGroup section */

/* Begin XCBuildConfiguration section */
		80F944EA22DD7F790020CF39 /* Debug */ = {
			isa = XCBuildConfiguration;
			buildSettings = {
				ALWAYS_SEARCH_USER_PATHS = NO;
				CLANG_ANALYZER_NONNULL = YES;
				CLANG_ANALYZER_NUMBER_OBJECT_CONVERSION = YES_AGGRESSIVE;
				CLANG_CXX_LANGUAGE_STANDARD = "gnu++14";
				CLANG_CXX_LIBRARY = "libc++";
				CLANG_ENABLE_MODULES = YES;
				CLANG_ENABLE_OBJC_ARC = YES;
				CLANG_ENABLE_OBJC_WEAK = YES;
				CLANG_WARN_BLOCK_CAPTURE_AUTORELEASING = YES;
				CLANG_WARN_BOOL_CONVERSION = YES;
				CLANG_WARN_COMMA = YES;
				CLANG_WARN_CONSTANT_CONVERSION = YES;
				CLANG_WARN_DEPRECATED_OBJC_IMPLEMENTATIONS = YES;
				CLANG_WARN_DIRECT_OBJC_ISA_USAGE = YES_ERROR;
				CLANG_WARN_DOCUMENTATION_COMMENTS = YES;
				CLANG_WARN_EMPTY_BODY = YES;
				CLANG_WARN_ENUM_CONVERSION = YES;
				CLANG_WARN_INFINITE_RECURSION = YES;
				CLANG_WARN_INT_CONVERSION = YES;
				CLANG_WARN_NON_LITERAL_NULL_CONVERSION = YES;
				CLANG_WARN_OBJC_IMPLICIT_RETAIN_SELF = YES;
				CLANG_WARN_OBJC_LITERAL_CONVERSION = YES;
				CLANG_WARN_OBJC_ROOT_CLASS = YES_ERROR;
				CLANG_WARN_RANGE_LOOP_ANALYSIS = YES;
				CLANG_WARN_STRICT_PROTOTYPES = YES;
				CLANG_WARN_SUSPICIOUS_MOVE = YES;
				CLANG_WARN_UNGUARDED_AVAILABILITY = YES_AGGRESSIVE;
				CLANG_WARN_UNREACHABLE_CODE = YES;
				CLANG_WARN__DUPLICATE_METHOD_MATCH = YES;
				CODE_SIGN_IDENTITY = "iPhone Developer";
				COPY_PHASE_STRIP = NO;
				DEBUG_INFORMATION_FORMAT = dwarf;
				ENABLE_STRICT_OBJC_MSGSEND = YES;
				ENABLE_TESTABILITY = YES;
				GCC_C_LANGUAGE_STANDARD = gnu11;
				GCC_DYNAMIC_NO_PIC = NO;
				GCC_NO_COMMON_BLOCKS = YES;
				GCC_OPTIMIZATION_LEVEL = 0;
				GCC_PREPROCESSOR_DEFINITIONS = (
					"DEBUG=1",
					"$(inherited)",
				);
				GCC_WARN_64_TO_32_BIT_CONVERSION = YES;
				GCC_WARN_ABOUT_RETURN_TYPE = YES_ERROR;
				GCC_WARN_UNDECLARED_SELECTOR = YES;
				GCC_WARN_UNINITIALIZED_AUTOS = YES_AGGRESSIVE;
				GCC_WARN_UNUSED_FUNCTION = YES;
				GCC_WARN_UNUSED_VARIABLE = YES;
				IPHONEOS_DEPLOYMENT_TARGET = 12.2;
				MTL_ENABLE_DEBUG_INFO = INCLUDE_SOURCE;
				MTL_FAST_MATH = YES;
				ONLY_ACTIVE_ARCH = YES;
				SDKROOT = iphoneos;
			};
			name = Debug;
		};
		80F944EB22DD7F790020CF39 /* Release */ = {
			isa = XCBuildConfiguration;
			buildSettings = {
				ALWAYS_SEARCH_USER_PATHS = NO;
				CLANG_ANALYZER_NONNULL = YES;
				CLANG_ANALYZER_NUMBER_OBJECT_CONVERSION = YES_AGGRESSIVE;
				CLANG_CXX_LANGUAGE_STANDARD = "gnu++14";
				CLANG_CXX_LIBRARY = "libc++";
				CLANG_ENABLE_MODULES = YES;
				CLANG_ENABLE_OBJC_ARC = YES;
				CLANG_ENABLE_OBJC_WEAK = YES;
				CLANG_WARN_BLOCK_CAPTURE_AUTORELEASING = YES;
				CLANG_WARN_BOOL_CONVERSION = YES;
				CLANG_WARN_COMMA = YES;
				CLANG_WARN_CONSTANT_CONVERSION = YES;
				CLANG_WARN_DEPRECATED_OBJC_IMPLEMENTATIONS = YES;
				CLANG_WARN_DIRECT_OBJC_ISA_USAGE = YES_ERROR;
				CLANG_WARN_DOCUMENTATION_COMMENTS = YES;
				CLANG_WARN_EMPTY_BODY = YES;
				CLANG_WARN_ENUM_CONVERSION = YES;
				CLANG_WARN_INFINITE_RECURSION = YES;
				CLANG_WARN_INT_CONVERSION = YES;
				CLANG_WARN_NON_LITERAL_NULL_CONVERSION = YES;
				CLANG_WARN_OBJC_IMPLICIT_RETAIN_SELF = YES;
				CLANG_WARN_OBJC_LITERAL_CONVERSION = YES;
				CLANG_WARN_OBJC_ROOT_CLASS = YES_ERROR;
				CLANG_WARN_RANGE_LOOP_ANALYSIS = YES;
				CLANG_WARN_STRICT_PROTOTYPES = YES;
				CLANG_WARN_SUSPICIOUS_MOVE = YES;
				CLANG_WARN_UNGUARDED_AVAILABILITY = YES_AGGRESSIVE;
				CLANG_WARN_UNREACHABLE_CODE = YES;
				CLANG_WARN__DUPLICATE_METHOD_MATCH = YES;
				CODE_SIGN_IDENTITY = "iPhone Developer";
				COPY_PHASE_STRIP = NO;
				DEBUG_INFORMATION_FORMAT = "dwarf-with-dsym";
				ENABLE_NS_ASSERTIONS = NO;
				ENABLE_STRICT_OBJC_MSGSEND = YES;
				GCC_C_LANGUAGE_STANDARD = gnu11;
				GCC_NO_COMMON_BLOCKS = YES;
				GCC_WARN_64_TO_32_BIT_CONVERSION = YES;
				GCC_WARN_ABOUT_RETURN_TYPE = YES_ERROR;
				GCC_WARN_UNDECLARED_SELECTOR = YES;
				GCC_WARN_UNINITIALIZED_AUTOS = YES_AGGRESSIVE;
				GCC_WARN_UNUSED_FUNCTION = YES;
				GCC_WARN_UNUSED_VARIABLE = YES;
				IPHONEOS_DEPLOYMENT_TARGET = 12.2;
				MTL_ENABLE_DEBUG_INFO = NO;
				MTL_FAST_MATH = YES;
				SDKROOT = iphoneos;
				VALIDATE_PRODUCT = YES;
			};
			name = Release;
		};
		80F944ED22DD7F790020CF39 /* Debug */ = {
			isa = XCBuildConfiguration;
			buildSettings = {
				ASSETCATALOG_COMPILER_APPICON_NAME = AppIcon;
				CODE_SIGN_STYLE = Automatic;
				INFOPLIST_FILE = UIButton/Info.plist;
				LD_RUNPATH_SEARCH_PATHS = (
					"$(inherited)",
					"@executable_path/Frameworks",
				);
				PRODUCT_BUNDLE_IDENTIFIER = none.UIButton;
				PRODUCT_NAME = "$(TARGET_NAME)";
				TARGETED_DEVICE_FAMILY = "1,2";
			};
			name = Debug;
		};
		80F944EE22DD7F790020CF39 /* Release */ = {
			isa = XCBuildConfiguration;
			buildSettings = {
				ASSETCATALOG_COMPILER_APPICON_NAME = AppIcon;
				CODE_SIGN_STYLE = Automatic;
				INFOPLIST_FILE = UIButton/Info.plist;
				LD_RUNPATH_SEARCH_PATHS = (
					"$(inherited)",
					"@executable_path/Frameworks",
				);
				PRODUCT_BUNDLE_IDENTIFIER = none.UIButton;
				PRODUCT_NAME = "$(TARGET_NAME)";
				TARGETED_DEVICE_FAMILY = "1,2";
			};
			name = Release;
		};
		80F944F022DD7F790020CF39 /* Debug */ = {
			isa = XCBuildConfiguration;
			buildSettings = {
				BUNDLE_LOADER = "$(TEST_HOST)";
				CODE_SIGN_STYLE = Automatic;
				INFOPLIST_FILE = UIButtonTests/Info.plist;
				LD_RUNPATH_SEARCH_PATHS = (
					"$(inherited)",
					"@executable_path/Frameworks",
					"@loader_path/Frameworks",
				);
				PRODUCT_BUNDLE_IDENTIFIER = none.UIButtonTests;
				PRODUCT_NAME = "$(TARGET_NAME)";
				TARGETED_DEVICE_FAMILY = "1,2";
				TEST_HOST = "$(BUILT_PRODUCTS_DIR)/UIButton.app/UIButton";
			};
			name = Debug;
		};
		80F944F122DD7F790020CF39 /* Release */ = {
			isa = XCBuildConfiguration;
			buildSettings = {
				BUNDLE_LOADER = "$(TEST_HOST)";
				CODE_SIGN_STYLE = Automatic;
				INFOPLIST_FILE = UIButtonTests/Info.plist;
				LD_RUNPATH_SEARCH_PATHS = (
					"$(inherited)",
					"@executable_path/Frameworks",
					"@loader_path/Frameworks",
				);
				PRODUCT_BUNDLE_IDENTIFIER = none.UIButtonTests;
				PRODUCT_NAME = "$(TARGET_NAME)";
				TARGETED_DEVICE_FAMILY = "1,2";
				TEST_HOST = "$(BUILT_PRODUCTS_DIR)/UIButton.app/UIButton";
			};
			name = Release;
		};
		80F944F322DD7F790020CF39 /* Debug */ = {
			isa = XCBuildConfiguration;
			buildSettings = {
				CODE_SIGN_STYLE = Automatic;
				INFOPLIST_FILE = UIButtonUITests/Info.plist;
				LD_RUNPATH_SEARCH_PATHS = (
					"$(inherited)",
					"@executable_path/Frameworks",
					"@loader_path/Frameworks",
				);
				PRODUCT_BUNDLE_IDENTIFIER = none.UIButtonUITests;
				PRODUCT_NAME = "$(TARGET_NAME)";
				TARGETED_DEVICE_FAMILY = "1,2";
				TEST_TARGET_NAME = UIButton;
			};
			name = Debug;
		};
		80F944F422DD7F790020CF39 /* Release */ = {
			isa = XCBuildConfiguration;
			buildSettings = {
				CODE_SIGN_STYLE = Automatic;
				INFOPLIST_FILE = UIButtonUITests/Info.plist;
				LD_RUNPATH_SEARCH_PATHS = (
					"$(inherited)",
					"@executable_path/Frameworks",
					"@loader_path/Frameworks",
				);
				PRODUCT_BUNDLE_IDENTIFIER = none.UIButtonUITests;
				PRODUCT_NAME = "$(TARGET_NAME)";
				TARGETED_DEVICE_FAMILY = "1,2";
				TEST_TARGET_NAME = UIButton;
			};
			name = Release;
		};
/* End XCBuildConfiguration section */

/* Begin XCConfigurationList section */
		80F944BB22DD7F780020CF39 /* Build configuration list for PBXProject "UIButton" */ = {
			isa = XCConfigurationList;
			buildConfigurations = (
				80F944EA22DD7F790020CF39 /* Debug */,
				80F944EB22DD7F790020CF39 /* Release */,
			);
			defaultConfigurationIsVisible = 0;
			defaultConfigurationName = Release;
		};
		80F944EC22DD7F790020CF39 /* Build configuration list for PBXNativeTarget "UIButton" */ = {
			isa = XCConfigurationList;
			buildConfigurations = (
				80F944ED22DD7F790020CF39 /* Debug */,
				80F944EE22DD7F790020CF39 /* Release */,
			);
			defaultConfigurationIsVisible = 0;
			defaultConfigurationName = Release;
		};
		80F944EF22DD7F790020CF39 /* Build configuration list for PBXNativeTarget "UIButtonTests" */ = {
			isa = XCConfigurationList;
			buildConfigurations = (
				80F944F022DD7F790020CF39 /* Debug */,
				80F944F122DD7F790020CF39 /* Release */,
			);
			defaultConfigurationIsVisible = 0;
			defaultConfigurationName = Release;
		};
		80F944F222DD7F790020CF39 /* Build configuration list for PBXNativeTarget "UIButtonUITests" */ = {
			isa = XCConfigurationList;
			buildConfigurations = (
				80F944F322DD7F790020CF39 /* Debug */,
				80F944F422DD7F790020CF39 /* Release */,
			);
			defaultConfigurationIsVisible = 0;
			defaultConfigurationName = Release;
		};
/* End XCConfigurationList section */
	};
	rootObject = 80F944B822DD7F780020CF39 /* Project object */;
}
